
Microsoft Visual Studio Solution File, Format Version 12.00
# Visual Studio 15
VisualStudioVersion = 15.0.27703.2047
MinimumVisualStudioVersion = 10.0.40219.1
Project("{FAE04EC0-301F-11D3-BF4B-00C04F79EFBC}") = "Text", "Text\Text.csproj", "{35EA9A66-31C4-4F44-A77A-4E09212D3D14}"
EndProject
Global
	GlobalSection(SolutionConfigurationPlatforms) = preSolution
		Debug|Any CPU = Debug|Any CPU
		Release|Any CPU = Release|Any CPU
	EndGlobalSection
	GlobalSection(ProjectConfigurationPlatforms) = postSolution
		{35EA9A66-31C4-4F44-A77A-4E09212D3D14}.Debug|Any CPU.ActiveCfg = Debug|Any CPU
		{35EA9A66-31C4-4F44-A77A-4E09212D3D14}.Debug|Any CPU.Build.0 = Debug|Any CPU
		{35EA9A66-31C4-4F44-A77A-4E09212D3D14}.Release|Any CPU.ActiveCfg = Release|Any CPU
		{35EA9A66-31C4-4F44-A77A-4E09212D3D14}.Release|Any CPU.Build.0 = Release|Any CPU
	EndGlobalSection
	GlobalSection(SolutionProperties) = preSolution
		HideSolutionNode = FALSE
	EndGlobalSection
	GlobalSection(ExtensibilityGlobals) = postSolution
		SolutionGuid = {6FCD8E8A-97B8-404A-A788-3D8D8D1D864C}
	EndGlobalSection
EndGlobal
